
Microsoft Visual Studio Solution File, Format Version 12.00
# Visual Studio Version 16
VisualStudioVersion = 16.0.30907.101
MinimumVisualStudioVersion = 10.0.40219.1
Project("{FAE04EC0-301F-11D3-BF4B-00C04F79EFBC}") = "LargeDataGrid", "LargeDataGrid.csproj", "{D7383B0B-1AF4-4BCC-86B3-BAB113A290EE}"
EndProject
Global
	GlobalSection(SolutionConfigurationPlatforms) = preSolution
		Debug|Any CPU = Debug|Any CPU
		Release|Any CPU = Release|Any CPU
	EndGlobalSection
	GlobalSection(ProjectConfigurationPlatforms) = postSolution
		{D7383B0B-1AF4-4BCC-86B3-BAB113A290EE}.Debug|Any CPU.ActiveCfg = Debug|Any CPU
		{D7383B0B-1AF4-4BCC-86B3-BAB113A290EE}.Debug|Any CPU.Build.0 = Debug|Any CPU
		{D7383B0B-1AF4-4BCC-86B3-BAB113A290EE}.Release|Any CPU.ActiveCfg = Release|Any CPU
		{D7383B0B-1AF4-4BCC-86B3-BAB113A290EE}.Release|Any CPU.Build.0 = Release|Any CPU
	EndGlobalSection
	GlobalSection(SolutionProperties) = preSolution
		HideSolutionNode = FALSE
	EndGlobalSection
	GlobalSection(ExtensibilityGlobals) = postSolution
		SolutionGuid = {2B7C86A5-A86E-44D9-8887-F7A2193DC40E}
	EndGlobalSection
EndGlobal
